
Microsoft Visual Studio Solution File, Format Version 12.00
# Visual Studio Version 17
VisualStudioVersion = 17.7.34221.43
MinimumVisualStudioVersion = 10.0.40219.1
Project("{2150E333-8FDC-42A3-9474-1A3956D46DE8}") = "01.CustmerManagement", "01.CustmerManagement", "{8F82080B-C226-42BA-B359-187A5A1F1E43}"
EndProject
Project("{2150E333-8FDC-42A3-9474-1A3956D46DE8}") = "01.Core", "01.Core", "{5479C0F0-1452-4E49-A9E1-3257823614C0}"
EndProject
Project("{FAE04EC0-301F-11D3-BF4B-00C04F79EFBC}") = "EventSourcing.CustomerManagement.Domain", "EventSourcing.CustomerManagement.Domain\EventSourcing.CustomerManagement.Domain.csproj", "{B1435B56-D0BC-41F2-8288-6F615D83950C}"
EndProject
Project("{2150E333-8FDC-42A3-9474-1A3956D46DE8}") = "00.Framework", "00.Framework", "{C3E70D97-2CE2-4826-AE87-7F17D6644C5A}"
EndProject
Project("{FAE04EC0-301F-11D3-BF4B-00C04F79EFBC}") = "EventSourcing.Framework", "EventSourcing.Framework\EventSourcing.Framework.csproj", "{A2C9C519-A0D7-4CDE-A0EA-FB668D8AB558}"
EndProject
Project("{FAE04EC0-301F-11D3-BF4B-00C04F79EFBC}") = "EventSourcing.CustomerManagement.ApplicationServices", "EventSourcing.CustomerManagement.ApplicationServices\EventSourcing.CustomerManagement.ApplicationServices.csproj", "{4CC4713E-EAAD-44A7-90FE-3105586E6EBE}"
EndProject
Project("{2150E333-8FDC-42A3-9474-1A3956D46DE8}") = "03", "03", "{C26185E8-429E-4E26-BF87-6E6E313322F6}"
EndProject
Project("{FAE04EC0-301F-11D3-BF4B-00C04F79EFBC}") = "EventSourcing.CustomerManagement.EndPoints.WebApi", "EventSourcing.CustomerManagement.EndPoints.WebApi\EventSourcing.CustomerManagement.EndPoints.WebApi.csproj", "{C6875DC9-EF64-45C3-8487-E9127DA365FE}"
EndProject
Global
	GlobalSection(SolutionConfigurationPlatforms) = preSolution
		Debug|Any CPU = Debug|Any CPU
		Release|Any CPU = Release|Any CPU
	EndGlobalSection
	GlobalSection(ProjectConfigurationPlatforms) = postSolution
		{B1435B56-D0BC-41F2-8288-6F615D83950C}.Debug|Any CPU.ActiveCfg = Debug|Any CPU
		{B1435B56-D0BC-41F2-8288-6F615D83950C}.Debug|Any CPU.Build.0 = Debug|Any CPU
		{B1435B56-D0BC-41F2-8288-6F615D83950C}.Release|Any CPU.ActiveCfg = Release|Any CPU
		{B1435B56-D0BC-41F2-8288-6F615D83950C}.Release|Any CPU.Build.0 = Release|Any CPU
		{A2C9C519-A0D7-4CDE-A0EA-FB668D8AB558}.Debug|Any CPU.ActiveCfg = Debug|Any CPU
		{A2C9C519-A0D7-4CDE-A0EA-FB668D8AB558}.Debug|Any CPU.Build.0 = Debug|Any CPU
		{A2C9C519-A0D7-4CDE-A0EA-FB668D8AB558}.Release|Any CPU.ActiveCfg = Release|Any CPU
		{A2C9C519-A0D7-4CDE-A0EA-FB668D8AB558}.Release|Any CPU.Build.0 = Release|Any CPU
		{4CC4713E-EAAD-44A7-90FE-3105586E6EBE}.Debug|Any CPU.ActiveCfg = Debug|Any CPU
		{4CC4713E-EAAD-44A7-90FE-3105586E6EBE}.Debug|Any CPU.Build.0 = Debug|Any CPU
		{4CC4713E-EAAD-44A7-90FE-3105586E6EBE}.Release|Any CPU.ActiveCfg = Release|Any CPU
		{4CC4713E-EAAD-44A7-90FE-3105586E6EBE}.Release|Any CPU.Build.0 = Release|Any CPU
		{C6875DC9-EF64-45C3-8487-E9127DA365FE}.Debug|Any CPU.ActiveCfg = Debug|Any CPU
		{C6875DC9-EF64-45C3-8487-E9127DA365FE}.Debug|Any CPU.Build.0 = Debug|Any CPU
		{C6875DC9-EF64-45C3-8487-E9127DA365FE}.Release|Any CPU.ActiveCfg = Release|Any CPU
		{C6875DC9-EF64-45C3-8487-E9127DA365FE}.Release|Any CPU.Build.0 = Release|Any CPU
	EndGlobalSection
	GlobalSection(SolutionProperties) = preSolution
		HideSolutionNode = FALSE
	EndGlobalSection
	GlobalSection(NestedProjects) = preSolution
		{5479C0F0-1452-4E49-A9E1-3257823614C0} = {8F82080B-C226-42BA-B359-187A5A1F1E43}
		{B1435B56-D0BC-41F2-8288-6F615D83950C} = {5479C0F0-1452-4E49-A9E1-3257823614C0}
		{A2C9C519-A0D7-4CDE-A0EA-FB668D8AB558} = {C3E70D97-2CE2-4826-AE87-7F17D6644C5A}
		{4CC4713E-EAAD-44A7-90FE-3105586E6EBE} = {5479C0F0-1452-4E49-A9E1-3257823614C0}
		{C26185E8-429E-4E26-BF87-6E6E313322F6} = {8F82080B-C226-42BA-B359-187A5A1F1E43}
		{C6875DC9-EF64-45C3-8487-E9127DA365FE} = {C26185E8-429E-4E26-BF87-6E6E313322F6}
	EndGlobalSection
	GlobalSection(ExtensibilityGlobals) = postSolution
		SolutionGuid = {50744511-3C1F-445F-8539-92A1F3F12E2F}
	EndGlobalSection
EndGlobal
